
Microsoft Visual Studio Solution File, Format Version 12.00
# Visual Studio Version 17
VisualStudioVersion = 17.11.35222.181
MinimumVisualStudioVersion = 10.0.40219.1
Project("{FAE04EC0-301F-11D3-BF4B-00C04F79EFBC}") = "WhiteLagoon.Web", "WhiteLagoon.Web\WhiteLagoon.Web.csproj", "{688493E1-ED8A-4883-A8D6-7E6E38F8799F}"
EndProject
Project("{FAE04EC0-301F-11D3-BF4B-00C04F79EFBC}") = "WhiteLagoon.Domain", "WhiteLagoon.Domain\WhiteLagoon.Domain.csproj", "{535D8E82-FA2C-4D1B-8CCA-85309FCF8223}"
EndProject
Project("{FAE04EC0-301F-11D3-BF4B-00C04F79EFBC}") = "WhiteLagoon.Application", "WhiteLagoon.Application\WhiteLagoon.Application.csproj", "{9D6B5D13-FCA3-4E24-9996-86A83637EE7F}"
EndProject
Project("{FAE04EC0-301F-11D3-BF4B-00C04F79EFBC}") = "WhiteLagoon.Infrastructure", "WhiteLagoon.Infrastructure\WhiteLagoon.Infrastructure.csproj", "{8E533F83-D29F-44D4-A77F-3BEE6926EA4D}"
EndProject
Global
	GlobalSection(SolutionConfigurationPlatforms) = preSolution
		Debug|Any CPU = Debug|Any CPU
		Release|Any CPU = Release|Any CPU
	EndGlobalSection
	GlobalSection(ProjectConfigurationPlatforms) = postSolution
		{688493E1-ED8A-4883-A8D6-7E6E38F8799F}.Debug|Any CPU.ActiveCfg = Debug|Any CPU
		{688493E1-ED8A-4883-A8D6-7E6E38F8799F}.Debug|Any CPU.Build.0 = Debug|Any CPU
		{688493E1-ED8A-4883-A8D6-7E6E38F8799F}.Release|Any CPU.ActiveCfg = Release|Any CPU
		{688493E1-ED8A-4883-A8D6-7E6E38F8799F}.Release|Any CPU.Build.0 = Release|Any CPU
		{535D8E82-FA2C-4D1B-8CCA-85309FCF8223}.Debug|Any CPU.ActiveCfg = Debug|Any CPU
		{535D8E82-FA2C-4D1B-8CCA-85309FCF8223}.Debug|Any CPU.Build.0 = Debug|Any CPU
		{535D8E82-FA2C-4D1B-8CCA-85309FCF8223}.Release|Any CPU.ActiveCfg = Release|Any CPU
		{535D8E82-FA2C-4D1B-8CCA-85309FCF8223}.Release|Any CPU.Build.0 = Release|Any CPU
		{9D6B5D13-FCA3-4E24-9996-86A83637EE7F}.Debug|Any CPU.ActiveCfg = Debug|Any CPU
		{9D6B5D13-FCA3-4E24-9996-86A83637EE7F}.Debug|Any CPU.Build.0 = Debug|Any CPU
		{9D6B5D13-FCA3-4E24-9996-86A83637EE7F}.Release|Any CPU.ActiveCfg = Release|Any CPU
		{9D6B5D13-FCA3-4E24-9996-86A83637EE7F}.Release|Any CPU.Build.0 = Release|Any CPU
		{8E533F83-D29F-44D4-A77F-3BEE6926EA4D}.Debug|Any CPU.ActiveCfg = Debug|Any CPU
		{8E533F83-D29F-44D4-A77F-3BEE6926EA4D}.Debug|Any CPU.Build.0 = Debug|Any CPU
		{8E533F83-D29F-44D4-A77F-3BEE6926EA4D}.Release|Any CPU.ActiveCfg = Release|Any CPU
		{8E533F83-D29F-44D4-A77F-3BEE6926EA4D}.Release|Any CPU.Build.0 = Release|Any CPU
	EndGlobalSection
	GlobalSection(SolutionProperties) = preSolution
		HideSolutionNode = FALSE
	EndGlobalSection
	GlobalSection(ExtensibilityGlobals) = postSolution
		SolutionGuid = {97A74DA2-9CEE-4CB7-83C2-E601A8726C4B}
	EndGlobalSection
EndGlobal
